
Microsoft Visual Studio Solution File, Format Version 12.00
# Visual Studio 15
VisualStudioVersion = 15.0.28307.1169
MinimumVisualStudioVersion = 10.0.40219.1
Project("{FAE04EC0-301F-11D3-BF4B-00C04F79EFBC}") = "Loan_C", "Loan_C\Loan_C.csproj", "{701DA468-5B57-4643-9669-627A34332292}"
EndProject
Global
	GlobalSection(SolutionConfigurationPlatforms) = preSolution
		Debug|Any CPU = Debug|Any CPU
		Release|Any CPU = Release|Any CPU
	EndGlobalSection
	GlobalSection(ProjectConfigurationPlatforms) = postSolution
		{701DA468-5B57-4643-9669-627A34332292}.Debug|Any CPU.ActiveCfg = Debug|Any CPU
		{701DA468-5B57-4643-9669-627A34332292}.Debug|Any CPU.Build.0 = Debug|Any CPU
		{701DA468-5B57-4643-9669-627A34332292}.Release|Any CPU.ActiveCfg = Release|Any CPU
		{701DA468-5B57-4643-9669-627A34332292}.Release|Any CPU.Build.0 = Release|Any CPU
	EndGlobalSection
	GlobalSection(SolutionProperties) = preSolution
		HideSolutionNode = FALSE
	EndGlobalSection
	GlobalSection(ExtensibilityGlobals) = postSolution
		SolutionGuid = {B4AAA05B-4506-4AEB-B41E-455E5E2C12F8}
	EndGlobalSection
EndGlobal
